// !$*UTF8*$!
{
	archiveVersion = 1;
	classes = {
	};
	objectVersion = 46;
	objects = {

/* Begin PBXBuildFile section */
		B251433C1A6C456D0041BAD7 /* AppDelegate.swift in Sources */ = {isa = PBXBuildFile; fileRef = B251433B1A6C456D0041BAD7 /* AppDelegate.swift */; };
		B251433E1A6C456D0041BAD7 /* ViewController.swift in Sources */ = {isa = PBXBuildFile; fileRef = B251433D1A6C456D0041BAD7 /* ViewController.swift */; };
		B25143411A6C456D0041BAD7 /* Main.storyboard in Resources */ = {isa = PBXBuildFile; fileRef = B251433F1A6C456D0041BAD7 /* Main.storyboard */; };
		B25143431A6C456D0041BAD7 /* Images.xcassets in Resources */ = {isa = PBXBuildFile; fileRef = B25143421A6C456D0041BAD7 /* Images.xcassets */; };
		B25143461A6C456D0041BAD7 /* LaunchScreen.xib in Resources */ = {isa = PBXBuildFile; fileRef = B25143441A6C456D0041BAD7 /* LaunchScreen.xib */; };
		B25143521A6C456D0041BAD7 /* TipsTests.swift in Sources */ = {isa = PBXBuildFile; fileRef = B25143511A6C456D0041BAD7 /* TipsTests.swift */; };
/* End PBXBuildFile section */

/* Begin PBXContainerItemProxy section */
		B251434C1A6C456D0041BAD7 /* PBXContainerItemProxy */ = {
			isa = PBXContainerItemProxy;
			containerPortal = B251432E1A6C456D0041BAD7 /* Project object */;
			proxyType = 1;
			remoteGlobalIDString = B25143351A6C456D0041BAD7;
			remoteInfo = Tips;
		};
/* End PBXContainerItemProxy section */

/* Begin PBXFileReference section */
		B25143361A6C456D0041BAD7 /* Tips.app */ = {isa = PBXFileReference; explicitFileType = wrapper.application; includeInIndex = 0; path = Tips.app; sourceTree = BUILT_PRODUCTS_DIR; };
		B251433A1A6C456D0041BAD7 /* Info.plist */ = {isa = PBXFileReference; lastKnownFileType = text.plist.xml; path = Info.plist; sourceTree = "<group>"; };
		B251433B1A6C456D0041BAD7 /* AppDelegate.swift */ = {isa = PBXFileReference; lastKnownFileType = sourcecode.swift; path = AppDelegate.swift; sourceTree = "<group>"; };
		B251433D1A6C456D0041BAD7 /* ViewController.swift */ = {isa = PBXFileReference; lastKnownFileType = sourcecode.swift; path = ViewController.swift; sourceTree = "<group>"; };
		B25143401A6C456D0041BAD7 /* Base */ = {isa = PBXFileReference; lastKnownFileType = file.storyboard; name = Base; path = Base.lproj/Main.storyboard; sourceTree = "<group>"; };
		B25143421A6C456D0041BAD7 /* Images.xcassets */ = {isa = PBXFileReference; lastKnownFileType = folder.assetcatalog; path = Images.xcassets; sourceTree = "<group>"; };
		B25143451A6C456D0041BAD7 /* Base */ = {isa = PBXFileReference; lastKnownFileType = file.xib; name = Base; path = Base.lproj/LaunchScreen.xib; sourceTree = "<group>"; };
		B251434B1A6C456D0041BAD7 /* TipsTests.xctest */ = {isa = PBXFileReference; explicitFileType = wrapper.cfbundle; includeInIndex = 0; path = TipsTests.xctest; sourceTree = BUILT_PRODUCTS_DIR; };
		B25143501A6C456D0041BAD7 /* Info.plist */ = {isa = PBXFileReference; lastKnownFileType = text.plist.xml; path = Info.plist; sourceTree = "<group>"; };
		B25143511A6C456D0041BAD7 /* TipsTests.swift */ = {isa = PBXFileReference; lastKnownFileType = sourcecode.swift; path = TipsTests.swift; sourceTree = "<group>"; };
/* End PBXFileReference section */

/* Begin PBXFrameworksBuildPhase section */
		B25143331A6C456D0041BAD7 /* Frameworks */ = {
			isa = PBXFrameworksBuildPhase;
			buildActionMask = 2147483647;
			files = (
			);
			runOnlyForDeploymentPostprocessing = 0;
		};
		B25143481A6C456D0041BAD7 /* Frameworks */ = {
			isa = PBXFrameworksBuildPhase;
			buildActionMask = 2147483647;
			files = (
			);
			runOnlyForDeploymentPostprocessing = 0;
		};
/* End PBXFrameworksBuildPhase section */

/* Begin PBXGroup section */
		B251432D1A6C456D0041BAD7 = {
			isa = PBXGroup;
			children = (
				B25143381A6C456D0041BAD7 /* Tips */,
				B251434E1A6C456D0041BAD7 /* TipsTests */,
				B25143371A6C456D0041BAD7 /* Products */,
			);
			sourceTree = "<group>";
		};
		B25143371A6C456D0041BAD7 /* Products */ = {
			isa = PBXGroup;
			children = (
				B25143361A6C456D0041BAD7 /* Tips.app */,
				B251434B1A6C456D0041BAD7 /* TipsTests.xctest */,
			);
			name = Products;
			sourceTree = "<group>";
		};
		B25143381A6C456D0041BAD7 /* Tips */ = {
			isa = PBXGroup;
			children = (
				B251433B1A6C456D0041BAD7 /* AppDelegate.swift */,
				B251433D1A6C456D0041BAD7 /* ViewController.swift */,
				B251433F1A6C456D0041BAD7 /* Main.storyboard */,
				B25143421A6C456D0041BAD7 /* Images.xcassets */,
				B25143441A6C456D0041BAD7 /* LaunchScreen.xib */,
				B25143391A6C456D0041BAD7 /* Supporting Files */,
			);
			path = Tips;
			sourceTree = "<group>";
		};
		B25143391A6C456D0041BAD7 /* Supporting Files */ = {
			isa = PBXGroup;
			children = (
				B251433A1A6C456D0041BAD7 /* Info.plist */,
			);
			name = "Supporting Files";
			sourceTree = "<group>";
		};
		B251434E1A6C456D0041BAD7 /* TipsTests */ = {
			isa = PBXGroup;
			children = (
				B25143511A6C456D0041BAD7 /* TipsTests.swift */,
				B251434F1A6C456D0041BAD7 /* Supporting Files */,
			);
			path = TipsTests;
			sourceTree = "<group>";
		};
		B251434F1A6C456D0041BAD7 /* Supporting Files */ = {
			isa = PBXGroup;
			children = (
				B25143501A6C456D0041BAD7 /* Info.plist */,
			);
			name = "Supporting Files";
			sourceTree = "<group>";
		};
/* End PBXGroup section */

/* Begin PBXNativeTarget section */
		B25143351A6C456D0041BAD7 /* Tips */ = {
			isa = PBXNativeTarget;
			buildConfigurationList = B25143551A6C456D0041BAD7 /* Build configuration list for PBXNativeTarget "Tips" */;
			buildPhases = (
				B25143321A6C456D0041BAD7 /* Sources */,
				B25143331A6C456D0041BAD7 /* Frameworks */,
				B25143341A6C456D0041BAD7 /* Resources */,
			);
			buildRules = (
			);
			dependencies = (
			);
			name = Tips;
			productName = Tips;
			productReference = B25143361A6C456D0041BAD7 /* Tips.app */;
			productType = "com.apple.product-type.application";
		};
		B251434A1A6C456D0041BAD7 /* TipsTests */ = {
			isa = PBXNativeTarget;
			buildConfigurationList = B25143581A6C456D0041BAD7 /* Build configuration list for PBXNativeTarget "TipsTests" */;
			buildPhases = (
				B25143471A6C456D0041BAD7 /* Sources */,
				B25143481A6C456D0041BAD7 /* Frameworks */,
				B25143491A6C456D0041BAD7 /* Resources */,
			);
			buildRules = (
			);
			dependencies = (
				B251434D1A6C456D0041BAD7 /* PBXTargetDependency */,
			);
			name = TipsTests;
			productName = TipsTests;
			productReference = B251434B1A6C456D0041BAD7 /* TipsTests.xctest */;
			productType = "com.apple.product-type.bundle.unit-test";
		};
/* End PBXNativeTarget section */

/* Begin PBXProject section */
		B251432E1A6C456D0041BAD7 /* Project object */ = {
			isa = PBXProject;
			attributes = {
				LastUpgradeCheck = 0610;
				ORGANIZATIONNAME = Codepath;
				TargetAttributes = {
					B25143351A6C456D0041BAD7 = {
						CreatedOnToolsVersion = 6.1.1;
					};
					B251434A1A6C456D0041BAD7 = {
						CreatedOnToolsVersion = 6.1.1;
						TestTargetID = B25143351A6C456D0041BAD7;
					};
				};
			};
			buildConfigurationList = B25143311A6C456D0041BAD7 /* Build configuration list for PBXProject "Tips" */;
			compatibilityVersion = "Xcode 3.2";
			developmentRegion = English;
			hasScannedForEncodings = 0;
			knownRegions = (
				en,
				Base,
			);
			mainGroup = B251432D1A6C456D0041BAD7;
			productRefGroup = B25143371A6C456D0041BAD7 /* Products */;
			projectDirPath = "";
			projectRoot = "";
			targets = (
				B25143351A6C456D0041BAD7 /* Tips */,
				B251434A1A6C456D0041BAD7 /* TipsTests */,
			);
		};
/* End PBXProject section */

/* Begin PBXResourcesBuildPhase section */
		B25143341A6C456D0041BAD7 /* Resources */ = {
			isa = PBXResourcesBuildPhase;
			buildActionMask = 2147483647;
			files = (
				B25143411A6C456D0041BAD7 /* Main.storyboard in Resources */,
				B25143461A6C456D0041BAD7 /* LaunchScreen.xib in Resources */,
				B25143431A6C456D0041BAD7 /* Images.xcassets in Resources */,
			);
			runOnlyForDeploymentPostprocessing = 0;
		};
		B25143491A6C456D0041BAD7 /* Resources */ = {
			isa = PBXResourcesBuildPhase;
			buildActionMask = 2147483647;
			files = (
			);
			runOnlyForDeploymentPostprocessing = 0;
		};
/* End PBXResourcesBuildPhase section */

/* Begin PBXSourcesBuildPhase section */
		B25143321A6C456D0041BAD7 /* Sources */ = {
			isa = PBXSourcesBuildPhase;
			buildActionMask = 2147483647;
			files = (
				B251433E1A6C456D0041BAD7 /* ViewController.swift in Sources */,
				B251433C1A6C456D0041BAD7 /* AppDelegate.swift in Sources */,
			);
			runOnlyForDeploymentPostprocessing = 0;
		};
		B25143471A6C456D0041BAD7 /* Sources */ = {
			isa = PBXSourcesBuildPhase;
			buildActionMask = 2147483647;
			files = (
				B25143521A6C456D0041BAD7 /* TipsTests.swift in Sources */,
			);
			runOnlyForDeploymentPostprocessing = 0;
		};
/* End PBXSourcesBuildPhase section */

/* Begin PBXTargetDependency section */
		B251434D1A6C456D0041BAD7 /* PBXTargetDependency */ = {
			isa = PBXTargetDependency;
			target = B25143351A6C456D0041BAD7 /* Tips */;
			targetProxy = B251434C1A6C456D0041BAD7 /* PBXContainerItemProxy */;
		};
/* End PBXTargetDependency section */

/* Begin PBXVariantGroup section */
		B251433F1A6C456D0041BAD7 /* Main.storyboard */ = {
			isa = PBXVariantGroup;
			children = (
				B25143401A6C456D0041BAD7 /* Base */,
			);
			name = Main.storyboard;
			sourceTree = "<group>";
		};
		B25143441A6C456D0041BAD7 /* LaunchScreen.xib */ = {
			isa = PBXVariantGroup;
			children = (
				B25143451A6C456D0041BAD7 /* Base */,
			);
			name = LaunchScreen.xib;
			sourceTree = "<group>";
		};
/* End PBXVariantGroup section */

/* Begin XCBuildConfiguration section */
		B25143531A6C456D0041BAD7 /* Debug */ = {
			isa = XCBuildConfiguration;
			buildSettings = {
				ALWAYS_SEARCH_USER_PATHS = NO;
				CLANG_CXX_LANGUAGE_STANDARD = "gnu++0x";
				CLANG_CXX_LIBRARY = "libc++";
				CLANG_ENABLE_MODULES = YES;
				CLANG_ENABLE_OBJC_ARC = YES;
				CLANG_WARN_BOOL_CONVERSION = YES;
				CLANG_WARN_CONSTANT_CONVERSION = YES;
				CLANG_WARN_DIRECT_OBJC_ISA_USAGE = YES_ERROR;
				CLANG_WARN_EMPTY_BODY = YES;
				CLANG_WARN_ENUM_CONVERSION = YES;
				CLANG_WARN_INT_CONVERSION = YES;
				CLANG_WARN_OBJC_ROOT_CLASS = YES_ERROR;
				CLANG_WARN_UNREACHABLE_CODE = YES;
				CLANG_WARN__DUPLICATE_METHOD_MATCH = YES;
				"CODE_SIGN_IDENTITY[sdk=iphoneos*]" = "iPhone Developer";
				COPY_PHASE_STRIP = NO;
				ENABLE_STRICT_OBJC_MSGSEND = YES;
				GCC_C_LANGUAGE_STANDARD = gnu99;
				GCC_DYNAMIC_NO_PIC = NO;
				GCC_OPTIMIZATION_LEVEL = 0;
				GCC_PREPROCESSOR_DEFINITIONS = (
					"DEBUG=1",
					"$(inherited)",
				);
				GCC_SYMBOLS_PRIVATE_EXTERN = NO;
				GCC_WARN_64_TO_32_BIT_CONVERSION = YES;
				GCC_WARN_ABOUT_RETURN_TYPE = YES_ERROR;
				GCC_WARN_UNDECLARED_SELECTOR = YES;
				GCC_WARN_UNINITIALIZED_AUTOS = YES_AGGRESSIVE;
				GCC_WARN_UNUSED_FUNCTION = YES;
				GCC_WARN_UNUSED_VARIABLE = YES;
				IPHONEOS_DEPLOYMENT_TARGET = 8.1;
				MTL_ENABLE_DEBUG_INFO = YES;
				ONLY_ACTIVE_ARCH = YES;
				SDKROOT = iphoneos;
				SWIFT_OPTIMIZATION_LEVEL = "-Onone";
			};
			name = Debug;
		};
		B25143541A6C456D0041BAD7 /* Release */ = {
			isa = XCBuildConfiguration;
			buildSettings = {
				ALWAYS_SEARCH_USER_PATHS = NO;
				CLANG_CXX_LANGUAGE_STANDARD = "gnu++0x";
				CLANG_CXX_LIBRARY = "libc++";
				CLANG_ENABLE_MODULES = YES;
				CLANG_ENABLE_OBJC_ARC = YES;
				CLANG_WARN_BOOL_CONVERSION = YES;
				CLANG_WARN_CONSTANT_CONVERSION = YES;
				CLANG_WARN_DIRECT_OBJC_ISA_USAGE = YES_ERROR;
				CLANG_WARN_EMPTY_BODY = YES;
				CLANG_WARN_ENUM_CONVERSION = YES;
				CLANG_WARN_INT_CONVERSION = YES;
				CLANG_WARN_OBJC_ROOT_CLASS = YES_ERROR;
				CLANG_WARN_UNREACHABLE_CODE = YES;
				CLANG_WARN__DUPLICATE_METHOD_MATCH = YES;
				"CODE_SIGN_IDENTITY[sdk=iphoneos*]" = "iPhone Developer";
				COPY_PHASE_STRIP = YES;
				ENABLE_NS_ASSERTIONS = NO;
				ENABLE_STRICT_OBJC_MSGSEND = YES;
				GCC_C_LANGUAGE_STANDARD = gnu99;
				GCC_WARN_64_TO_32_BIT_CONVERSION = YES;
				GCC_WARN_ABOUT_RETURN_TYPE = YES_ERROR;
				GCC_WARN_UNDECLARED_SELECTOR = YES;
				GCC_WARN_UNINITIALIZED_AUTOS = YES_AGGRESSIVE;
				GCC_WARN_UNUSED_FUNCTION = YES;
				GCC_WARN_UNUSED_VARIABLE = YES;
				IPHONEOS_DEPLOYMENT_TARGET = 8.1;
				MTL_ENABLE_DEBUG_INFO = NO;
				SDKROOT = iphoneos;
				VALIDATE_PRODUCT = YES;
			};
			name = Release;
		};
		B25143561A6C456D0041BAD7 /* Debug */ = {
			isa = XCBuildConfiguration;
			buildSettings = {
				ASSETCATALOG_COMPILER_APPICON_NAME = AppIcon;
				INFOPLIST_FILE = Tips/Info.plist;
				LD_RUNPATH_SEARCH_PATHS = "$(inherited) @executable_path/Frameworks";
				PRODUCT_NAME = "$(TARGET_NAME)";
			};
			name = Debug;
		};
		B25143571A6C456D0041BAD7 /* Release */ = {
			isa = XCBuildConfiguration;
			buildSettings = {
				ASSETCATALOG_COMPILER_APPICON_NAME = AppIcon;
				INFOPLIST_FILE = Tips/Info.plist;
				LD_RUNPATH_SEARCH_PATHS = "$(inherited) @executable_path/Frameworks";
				PRODUCT_NAME = "$(TARGET_NAME)";
			};
			name = Release;
		};
		B25143591A6C456D0041BAD7 /* Debug */ = {
			isa = XCBuildConfiguration;
			buildSettings = {
				BUNDLE_LOADER = "$(TEST_HOST)";
				FRAMEWORK_SEARCH_PATHS = (
					"$(SDKROOT)/Developer/Library/Frameworks",
					"$(inherited)",
				);
				GCC_PREPROCESSOR_DEFINITIONS = (
					"DEBUG=1",
					"$(inherited)",
				);
				INFOPLIST_FILE = TipsTests/Info.plist;
				LD_RUNPATH_SEARCH_PATHS = "$(inherited) @executable_path/Frameworks @loader_path/Frameworks";
				PRODUCT_NAME = "$(TARGET_NAME)";
				TEST_HOST = "$(BUILT_PRODUCTS_DIR)/Tips.app/Tips";
			};
			name = Debug;
		};
		B251435A1A6C456D0041BAD7 /* Release */ = {
			isa = XCBuildConfiguration;
			buildSettings = {
				BUNDLE_LOADER = "$(TEST_HOST)";
				FRAMEWORK_SEARCH_PATHS = (
					"$(SDKROOT)/Developer/Library/Frameworks",
					"$(inherited)",
				);
				INFOPLIST_FILE = TipsTests/Info.plist;
				LD_RUNPATH_SEARCH_PATHS = "$(inherited) @executable_path/Frameworks @loader_path/Frameworks";
				PRODUCT_NAME = "$(TARGET_NAME)";
				TEST_HOST = "$(BUILT_PRODUCTS_DIR)/Tips.app/Tips";
			};
			name = Release;
		};
/* End XCBuildConfiguration section */

/* Begin XCConfigurationList section */
		B25143311A6C456D0041BAD7 /* Build configuration list for PBXProject "Tips" */ = {
			isa = XCConfigurationList;
			buildConfigurations = (
				B25143531A6C456D0041BAD7 /* Debug */,
				B25143541A6C456D0041BAD7 /* Release */,
			);
			defaultConfigurationIsVisible = 0;
			defaultConfigurationName = Release;
		};
		B25143551A6C456D0041BAD7 /* Build configuration list for PBXNativeTarget "Tips" */ = {
			isa = XCConfigurationList;
			buildConfigurations = (
				B25143561A6C456D0041BAD7 /* Debug */,
				B25143571A6C456D0041BAD7 /* Release */,
			);
			defaultConfigurationIsVisible = 0;
		};
		B25143581A6C456D0041BAD7 /* Build configuration list for PBXNativeTarget "TipsTests" */ = {
			isa = XCConfigurationList;
			buildConfigurations = (
				B25143591A6C456D0041BAD7 /* Debug */,
				B251435A1A6C456D0041BAD7 /* Release */,
			);
			defaultConfigurationIsVisible = 0;
		};
/* End XCConfigurationList section */
	};
	rootObject = B251432E1A6C456D0041BAD7 /* Project object */;
}
